// !$*UTF8*$!
{
	archiveVersion = 1;
	classes = {
	};
	objectVersion = 46;
	objects = {

/* Begin PBXBuildFile section */
		AE35F0DB1BF6CDD70018E8D7 /* AppDelegate.swift in Sources */ = {isa = PBXBuildFile; fileRef = AE35F0DA1BF6CDD70018E8D7 /* AppDelegate.swift */; };
		AE35F0E01BF6CDD70018E8D7 /* Main.storyboard in Resources */ = {isa = PBXBuildFile; fileRef = AE35F0DE1BF6CDD70018E8D7 /* Main.storyboard */; };
		AE35F0E21BF6CDD70018E8D7 /* Assets.xcassets in Resources */ = {isa = PBXBuildFile; fileRef = AE35F0E11BF6CDD70018E8D7 /* Assets.xcassets */; };
		AE35F0E51BF6CDD70018E8D7 /* LaunchScreen.storyboard in Resources */ = {isa = PBXBuildFile; fileRef = AE35F0E31BF6CDD70018E8D7 /* LaunchScreen.storyboard */; };
		AE35F0ED1BF6CE5F0018E8D7 /* PlaceListTableViewController.swift in Sources */ = {isa = PBXBuildFile; fileRef = AE35F0EC1BF6CE5F0018E8D7 /* PlaceListTableViewController.swift */; };
		AE35F0EF1BF6CEB90018E8D7 /* MapDisplayViewController.swift in Sources */ = {isa = PBXBuildFile; fileRef = AE35F0EE1BF6CEB90018E8D7 /* MapDisplayViewController.swift */; };
		AE35F0F11BF6CF3C0018E8D7 /* PlaceDatabase.swift in Sources */ = {isa = PBXBuildFile; fileRef = AE35F0F01BF6CF3C0018E8D7 /* PlaceDatabase.swift */; };
/* End PBXBuildFile section */

/* Begin PBXFileReference section */
		AE35F0D71BF6CDD70018E8D7 /* PlaceMap.app */ = {isa = PBXFileReference; explicitFileType = wrapper.application; includeInIndex = 0; path = PlaceMap.app; sourceTree = BUILT_PRODUCTS_DIR; };
		AE35F0DA1BF6CDD70018E8D7 /* AppDelegate.swift */ = {isa = PBXFileReference; lastKnownFileType = sourcecode.swift; path = AppDelegate.swift; sourceTree = "<group>"; };
		AE35F0DF1BF6CDD70018E8D7 /* Base */ = {isa = PBXFileReference; lastKnownFileType = file.storyboard; name = Base; path = Base.lproj/Main.storyboard; sourceTree = "<group>"; };
		AE35F0E11BF6CDD70018E8D7 /* Assets.xcassets */ = {isa = PBXFileReference; lastKnownFileType = folder.assetcatalog; path = Assets.xcassets; sourceTree = "<group>"; };
		AE35F0E41BF6CDD70018E8D7 /* Base */ = {isa = PBXFileReference; lastKnownFileType = file.storyboard; name = Base; path = Base.lproj/LaunchScreen.storyboard; sourceTree = "<group>"; };
		AE35F0E61BF6CDD70018E8D7 /* Info.plist */ = {isa = PBXFileReference; lastKnownFileType = text.plist.xml; path = Info.plist; sourceTree = "<group>"; };
		AE35F0EC1BF6CE5F0018E8D7 /* PlaceListTableViewController.swift */ = {isa = PBXFileReference; fileEncoding = 4; lastKnownFileType = sourcecode.swift; path = PlaceListTableViewController.swift; sourceTree = "<group>"; };
		AE35F0EE1BF6CEB90018E8D7 /* MapDisplayViewController.swift */ = {isa = PBXFileReference; fileEncoding = 4; lastKnownFileType = sourcecode.swift; path = MapDisplayViewController.swift; sourceTree = "<group>"; };
		AE35F0F01BF6CF3C0018E8D7 /* PlaceDatabase.swift */ = {isa = PBXFileReference; fileEncoding = 4; lastKnownFileType = sourcecode.swift; path = PlaceDatabase.swift; sourceTree = "<group>"; };
/* End PBXFileReference section */

/* Begin PBXFrameworksBuildPhase section */
		AE35F0D41BF6CDD70018E8D7 /* Frameworks */ = {
			isa = PBXFrameworksBuildPhase;
			buildActionMask = 2147483647;
			files = (
			);
			runOnlyForDeploymentPostprocessing = 0;
		};
/* End PBXFrameworksBuildPhase section */

/* Begin PBXGroup section */
		AE35F0CE1BF6CDD70018E8D7 = {
			isa = PBXGroup;
			children = (
				AE35F0D91BF6CDD70018E8D7 /* PlaceMap */,
				AE35F0D81BF6CDD70018E8D7 /* Products */,
			);
			sourceTree = "<group>";
		};
		AE35F0D81BF6CDD70018E8D7 /* Products */ = {
			isa = PBXGroup;
			children = (
				AE35F0D71BF6CDD70018E8D7 /* PlaceMap.app */,
			);
			name = Products;
			sourceTree = "<group>";
		};
		AE35F0D91BF6CDD70018E8D7 /* PlaceMap */ = {
			isa = PBXGroup;
			children = (
				AE35F0DA1BF6CDD70018E8D7 /* AppDelegate.swift */,
				AE35F0DE1BF6CDD70018E8D7 /* Main.storyboard */,
				AE35F0E11BF6CDD70018E8D7 /* Assets.xcassets */,
				AE35F0E31BF6CDD70018E8D7 /* LaunchScreen.storyboard */,
				AE35F0E61BF6CDD70018E8D7 /* Info.plist */,
				AE35F0EC1BF6CE5F0018E8D7 /* PlaceListTableViewController.swift */,
				AE35F0EE1BF6CEB90018E8D7 /* MapDisplayViewController.swift */,
				AE35F0F01BF6CF3C0018E8D7 /* PlaceDatabase.swift */,
			);
			path = PlaceMap;
			sourceTree = "<group>";
		};
/* End PBXGroup section */

/* Begin PBXNativeTarget section */
		AE35F0D61BF6CDD70018E8D7 /* PlaceMap */ = {
			isa = PBXNativeTarget;
			buildConfigurationList = AE35F0E91BF6CDD70018E8D7 /* Build configuration list for PBXNativeTarget "PlaceMap" */;
			buildPhases = (
				AE35F0D31BF6CDD70018E8D7 /* Sources */,
				AE35F0D41BF6CDD70018E8D7 /* Frameworks */,
				AE35F0D51BF6CDD70018E8D7 /* Resources */,
			);
			buildRules = (
			);
			dependencies = (
			);
			name = PlaceMap;
			productName = PlaceMap;
			productReference = AE35F0D71BF6CDD70018E8D7 /* PlaceMap.app */;
			productType = "com.apple.product-type.application";
		};
/* End PBXNativeTarget section */

/* Begin PBXProject section */
		AE35F0CF1BF6CDD70018E8D7 /* Project object */ = {
			isa = PBXProject;
			attributes = {
				LastSwiftUpdateCheck = 0710;
				LastUpgradeCheck = 0710;
				ORGANIZATIONNAME = shunsukeshimada;
				TargetAttributes = {
					AE35F0D61BF6CDD70018E8D7 = {
						CreatedOnToolsVersion = 7.1;
					};
				};
			};
			buildConfigurationList = AE35F0D21BF6CDD70018E8D7 /* Build configuration list for PBXProject "PlaceMap" */;
			compatibilityVersion = "Xcode 3.2";
			developmentRegion = English;
			hasScannedForEncodings = 0;
			knownRegions = (
				en,
				Base,
			);
			mainGroup = AE35F0CE1BF6CDD70018E8D7;
			productRefGroup = AE35F0D81BF6CDD70018E8D7 /* Products */;
			projectDirPath = "";
			projectRoot = "";
			targets = (
				AE35F0D61BF6CDD70018E8D7 /* PlaceMap */,
			);
		};
/* End PBXProject section */

/* Begin PBXResourcesBuildPhase section */
		AE35F0D51BF6CDD70018E8D7 /* Resources */ = {
			isa = PBXResourcesBuildPhase;
			buildActionMask = 2147483647;
			files = (
				AE35F0E51BF6CDD70018E8D7 /* LaunchScreen.storyboard in Resources */,
				AE35F0E21BF6CDD70018E8D7 /* Assets.xcassets in Resources */,
				AE35F0E01BF6CDD70018E8D7 /* Main.storyboard in Resources */,
			);
			runOnlyForDeploymentPostprocessing = 0;
		};
/* End PBXResourcesBuildPhase section */

/* Begin PBXSourcesBuildPhase section */
		AE35F0D31BF6CDD70018E8D7 /* Sources */ = {
			isa = PBXSourcesBuildPhase;
			buildActionMask = 2147483647;
			files = (
				AE35F0F11BF6CF3C0018E8D7 /* PlaceDatabase.swift in Sources */,
				AE35F0EF1BF6CEB90018E8D7 /* MapDisplayViewController.swift in Sources */,
				AE35F0DB1BF6CDD70018E8D7 /* AppDelegate.swift in Sources */,
				AE35F0ED1BF6CE5F0018E8D7 /* PlaceListTableViewController.swift in Sources */,
			);
			runOnlyForDeploymentPostprocessing = 0;
		};
/* End PBXSourcesBuildPhase section */

/* Begin PBXVariantGroup section */
		AE35F0DE1BF6CDD70018E8D7 /* Main.storyboard */ = {
			isa = PBXVariantGroup;
			children = (
				AE35F0DF1BF6CDD70018E8D7 /* Base */,
			);
			name = Main.storyboard;
			sourceTree = "<group>";
		};
		AE35F0E31BF6CDD70018E8D7 /* LaunchScreen.storyboard */ = {
			isa = PBXVariantGroup;
			children = (
				AE35F0E41BF6CDD70018E8D7 /* Base */,
			);
			name = LaunchScreen.storyboard;
			sourceTree = "<group>";
		};
/* End PBXVariantGroup section */

/* Begin XCBuildConfiguration section */
		AE35F0E71BF6CDD70018E8D7 /* Debug */ = {
			isa = XCBuildConfiguration;
			buildSettings = {
				ALWAYS_SEARCH_USER_PATHS = NO;
				CLANG_CXX_LANGUAGE_STANDARD = "gnu++0x";
				CLANG_CXX_LIBRARY = "libc++";
				CLANG_ENABLE_MODULES = YES;
				CLANG_ENABLE_OBJC_ARC = YES;
				CLANG_WARN_BOOL_CONVERSION = YES;
				CLANG_WARN_CONSTANT_CONVERSION = YES;
				CLANG_WARN_DIRECT_OBJC_ISA_USAGE = YES_ERROR;
				CLANG_WARN_EMPTY_BODY = YES;
				CLANG_WARN_ENUM_CONVERSION = YES;
				CLANG_WARN_INT_CONVERSION = YES;
				CLANG_WARN_OBJC_ROOT_CLASS = YES_ERROR;
				CLANG_WARN_UNREACHABLE_CODE = YES;
				CLANG_WARN__DUPLICATE_METHOD_MATCH = YES;
				"CODE_SIGN_IDENTITY[sdk=iphoneos*]" = "iPhone Developer";
				COPY_PHASE_STRIP = NO;
				DEBUG_INFORMATION_FORMAT = dwarf;
				ENABLE_STRICT_OBJC_MSGSEND = YES;
				ENABLE_TESTABILITY = YES;
				GCC_C_LANGUAGE_STANDARD = gnu99;
				GCC_DYNAMIC_NO_PIC = NO;
				GCC_NO_COMMON_BLOCKS = YES;
				GCC_OPTIMIZATION_LEVEL = 0;
				GCC_PREPROCESSOR_DEFINITIONS = (
					"DEBUG=1",
					"$(inherited)",
				);
				GCC_WARN_64_TO_32_BIT_CONVERSION = YES;
				GCC_WARN_ABOUT_RETURN_TYPE = YES_ERROR;
				GCC_WARN_UNDECLARED_SELECTOR = YES;
				GCC_WARN_UNINITIALIZED_AUTOS = YES_AGGRESSIVE;
				GCC_WARN_UNUSED_FUNCTION = YES;
				GCC_WARN_UNUSED_VARIABLE = YES;
				IPHONEOS_DEPLOYMENT_TARGET = 9.1;
				MTL_ENABLE_DEBUG_INFO = YES;
				ONLY_ACTIVE_ARCH = YES;
				SDKROOT = iphoneos;
				SWIFT_OPTIMIZATION_LEVEL = "-Onone";
				TARGETED_DEVICE_FAMILY = "1,2";
			};
			name = Debug;
		};
		AE35F0E81BF6CDD70018E8D7 /* Release */ = {
			isa = XCBuildConfiguration;
			buildSettings = {
				ALWAYS_SEARCH_USER_PATHS = NO;
				CLANG_CXX_LANGUAGE_STANDARD = "gnu++0x";
				CLANG_CXX_LIBRARY = "libc++";
				CLANG_ENABLE_MODULES = YES;
				CLANG_ENABLE_OBJC_ARC = YES;
				CLANG_WARN_BOOL_CONVERSION = YES;
				CLANG_WARN_CONSTANT_CONVERSION = YES;
				CLANG_WARN_DIRECT_OBJC_ISA_USAGE = YES_ERROR;
				CLANG_WARN_EMPTY_BODY = YES;
				CLANG_WARN_ENUM_CONVERSION = YES;
				CLANG_WARN_INT_CONVERSION = YES;
				CLANG_WARN_OBJC_ROOT_CLASS = YES_ERROR;
				CLANG_WARN_UNREACHABLE_CODE = YES;
				CLANG_WARN__DUPLICATE_METHOD_MATCH = YES;
				"CODE_SIGN_IDENTITY[sdk=iphoneos*]" = "iPhone Developer";
				COPY_PHASE_STRIP = NO;
				DEBUG_INFORMATION_FORMAT = "dwarf-with-dsym";
				ENABLE_NS_ASSERTIONS = NO;
				ENABLE_STRICT_OBJC_MSGSEND = YES;
				GCC_C_LANGUAGE_STANDARD = gnu99;
				GCC_NO_COMMON_BLOCKS = YES;
				GCC_WARN_64_TO_32_BIT_CONVERSION = YES;
				GCC_WARN_ABOUT_RETURN_TYPE = YES_ERROR;
				GCC_WARN_UNDECLARED_SELECTOR = YES;
				GCC_WARN_UNINITIALIZED_AUTOS = YES_AGGRESSIVE;
				GCC_WARN_UNUSED_FUNCTION = YES;
				GCC_WARN_UNUSED_VARIABLE = YES;
				IPHONEOS_DEPLOYMENT_TARGET = 9.1;
				MTL_ENABLE_DEBUG_INFO = NO;
				SDKROOT = iphoneos;
				TARGETED_DEVICE_FAMILY = "1,2";
				VALIDATE_PRODUCT = YES;
			};
			name = Release;
		};
		AE35F0EA1BF6CDD70018E8D7 /* Debug */ = {
			isa = XCBuildConfiguration;
			buildSettings = {
				ASSETCATALOG_COMPILER_APPICON_NAME = AppIcon;
				INFOPLIST_FILE = PlaceMap/Info.plist;
				LD_RUNPATH_SEARCH_PATHS = "$(inherited) @executable_path/Frameworks";
				PRODUCT_BUNDLE_IDENTIFIER = com.gmail.shsh0310.PlaceMap;
				PRODUCT_NAME = "$(TARGET_NAME)";
			};
			name = Debug;
		};
		AE35F0EB1BF6CDD70018E8D7 /* Release */ = {
			isa = XCBuildConfiguration;
			buildSettings = {
				ASSETCATALOG_COMPILER_APPICON_NAME = AppIcon;
				INFOPLIST_FILE = PlaceMap/Info.plist;
				LD_RUNPATH_SEARCH_PATHS = "$(inherited) @executable_path/Frameworks";
				PRODUCT_BUNDLE_IDENTIFIER = com.gmail.shsh0310.PlaceMap;
				PRODUCT_NAME = "$(TARGET_NAME)";
			};
			name = Release;
		};
/* End XCBuildConfiguration section */

/* Begin XCConfigurationList section */
		AE35F0D21BF6CDD70018E8D7 /* Build configuration list for PBXProject "PlaceMap" */ = {
			isa = XCConfigurationList;
			buildConfigurations = (
				AE35F0E71BF6CDD70018E8D7 /* Debug */,
				AE35F0E81BF6CDD70018E8D7 /* Release */,
			);
			defaultConfigurationIsVisible = 0;
			defaultConfigurationName = Release;
		};
		AE35F0E91BF6CDD70018E8D7 /* Build configuration list for PBXNativeTarget "PlaceMap" */ = {
			isa = XCConfigurationList;
			buildConfigurations = (
				AE35F0EA1BF6CDD70018E8D7 /* Debug */,
				AE35F0EB1BF6CDD70018E8D7 /* Release */,
			);
			defaultConfigurationIsVisible = 0;
		};
/* End XCConfigurationList section */
	};
	rootObject = AE35F0CF1BF6CDD70018E8D7 /* Project object */;
}
